
Microsoft Visual Studio Solution File, Format Version 12.00
# Visual Studio Version 16
VisualStudioVersion = 16.0.29609.76
MinimumVisualStudioVersion = 10.0.40219.1
Project("{FAE04EC0-301F-11D3-BF4B-00C04F79EFBC}") = "Produkcja", "Produkcja\Produkcja.csproj", "{C492857A-B836-4B51-9633-775EABBCB6E9}"
EndProject
Global
	GlobalSection(SolutionConfigurationPlatforms) = preSolution
		Debug|Any CPU = Debug|Any CPU
		Release|Any CPU = Release|Any CPU
	EndGlobalSection
	GlobalSection(ProjectConfigurationPlatforms) = postSolution
		{C492857A-B836-4B51-9633-775EABBCB6E9}.Debug|Any CPU.ActiveCfg = Debug|Any CPU
		{C492857A-B836-4B51-9633-775EABBCB6E9}.Debug|Any CPU.Build.0 = Debug|Any CPU
		{C492857A-B836-4B51-9633-775EABBCB6E9}.Release|Any CPU.ActiveCfg = Release|Any CPU
		{C492857A-B836-4B51-9633-775EABBCB6E9}.Release|Any CPU.Build.0 = Release|Any CPU
	EndGlobalSection
	GlobalSection(SolutionProperties) = preSolution
		HideSolutionNode = FALSE
	EndGlobalSection
	GlobalSection(ExtensibilityGlobals) = postSolution
		SolutionGuid = {3EE5EE33-1C61-4BCC-BE81-D77339FC2853}
	EndGlobalSection
EndGlobal
